Microsoft Visual Studio Solution File, Format Version 11.00
# Visual Studio 2010
Project("{C44DCCE8-360E-49C4-B055-81895C66A1A8}") = "arc", ".dub/arc.visualdproj", "{FC4B54A8-672D-4890-95CA-29B5141F627F}"
EndProject
Global
	GlobalSection(SolutionConfigurationPlatforms) = preSolution
		debug|x64 = debug|x64
	EndGlobalSection
	GlobalSection(ProjectConfigurationPlatforms) = postSolution
		{FC4B54A8-672D-4890-95CA-29B5141F627F}.debug|x64.ActiveCfg = debug|x64
		{FC4B54A8-672D-4890-95CA-29B5141F627F}.debug|x64.Build.0 = debug|x64
	EndGlobalSection
	GlobalSection(SolutionProperties) = preSolution
		HideSolutionNode = FALSE
	EndGlobalSection
EndGlobal
