Microsoft Visual Studio Solution File, Format Version 11.00
# Visual Studio 2010
Project("{F845F2D3-7019-4983-94C9-9608055BE4C1}") = "arc", ".dub/arc.visualdproj", "{08EAB649-F0FE-4BAA-9723-EDC144603F69}"
EndProject
Global
	GlobalSection(SolutionConfigurationPlatforms) = preSolution
		debug|x64 = debug|x64
	EndGlobalSection
	GlobalSection(ProjectConfigurationPlatforms) = postSolution
		{08EAB649-F0FE-4BAA-9723-EDC144603F69}.debug|x64.ActiveCfg = debug|x64
		{08EAB649-F0FE-4BAA-9723-EDC144603F69}.debug|x64.Build.0 = debug|x64
	EndGlobalSection
	GlobalSection(SolutionProperties) = preSolution
		HideSolutionNode = FALSE
	EndGlobalSection
EndGlobal
